// !$*UTF8*$!
{
	archiveVersion = 1;
	classes = {
	};
	objectVersion = 51;
	objects = {

/* Begin PBXBuildFile section */
		35031EE7240420D2007C42BB /* AddMemberToPartyViewController.swift in Sources */ = {isa = PBXBuildFile; fileRef = 35031EE6240420D2007C42BB /* AddMemberToPartyViewController.swift */; };
		35031EE92404217F007C42BB /* AddMemberTableViewCell.swift in Sources */ = {isa = PBXBuildFile; fileRef = 35031EE82404217F007C42BB /* AddMemberTableViewCell.swift */; };
		35031EEB240422B4007C42BB /* AddMemberToPartyBlueprint.swift in Sources */ = {isa = PBXBuildFile; fileRef = 35031EEA240422B4007C42BB /* AddMemberToPartyBlueprint.swift */; };
		35031EED24042995007C42BB /* PartyMemberPreviewViewController.swift in Sources */ = {isa = PBXBuildFile; fileRef = 35031EEC24042995007C42BB /* PartyMemberPreviewViewController.swift */; };
		35031EEF240436CC007C42BB /* CRUDPartyViewController.swift in Sources */ = {isa = PBXBuildFile; fileRef = 35031EEE240436CC007C42BB /* CRUDPartyViewController.swift */; };
		35031EF1240441A7007C42BB /* CRUDPartyTableViewCell.swift in Sources */ = {isa = PBXBuildFile; fileRef = 35031EF0240441A7007C42BB /* CRUDPartyTableViewCell.swift */; };
		35031EF324044274007C42BB /* CRUDPartyCellBlueprint.swift in Sources */ = {isa = PBXBuildFile; fileRef = 35031EF224044274007C42BB /* CRUDPartyCellBlueprint.swift */; };
		350C9AE82402B14500BC401C /* HomeCellBlueprint.swift in Sources */ = {isa = PBXBuildFile; fileRef = 350C9AE72402B14500BC401C /* HomeCellBlueprint.swift */; };
		350C9AEA2402B1CB00BC401C /* PartyModel.swift in Sources */ = {isa = PBXBuildFile; fileRef = 350C9AE92402B1CB00BC401C /* PartyModel.swift */; };
		350C9AEC2402B26F00BC401C /* HomeTableViewCell.swift in Sources */ = {isa = PBXBuildFile; fileRef = 350C9AEB2402B26F00BC401C /* HomeTableViewCell.swift */; };
		350C9AEE2402B42400BC401C /* CellBluenprint.swift in Sources */ = {isa = PBXBuildFile; fileRef = 350C9AED2402B42400BC401C /* CellBluenprint.swift */; };
		350C9AF02402B49C00BC401C /* Cell.swift in Sources */ = {isa = PBXBuildFile; fileRef = 350C9AEF2402B49C00BC401C /* Cell.swift */; };
		350C9AF32402B5AA00BC401C /* Datasource.swift in Sources */ = {isa = PBXBuildFile; fileRef = 350C9AF22402B5AA00BC401C /* Datasource.swift */; };
		350C9AF52402B5E700BC401C /* ArrayDataSource.swift in Sources */ = {isa = PBXBuildFile; fileRef = 350C9AF42402B5E700BC401C /* ArrayDataSource.swift */; };
		350C9AF72402BE5A00BC401C /* Observable+Optional.swift in Sources */ = {isa = PBXBuildFile; fileRef = 350C9AF62402BE5A00BC401C /* Observable+Optional.swift */; };
		350C9AF92402CA2200BC401C /* MembersViewController.swift in Sources */ = {isa = PBXBuildFile; fileRef = 350C9AF82402CA2200BC401C /* MembersViewController.swift */; };
		350C9AFB2402CAEF00BC401C /* MembersCellBlueprint.swift in Sources */ = {isa = PBXBuildFile; fileRef = 350C9AFA2402CAEF00BC401C /* MembersCellBlueprint.swift */; };
		350C9AFD2402CB7300BC401C /* MembersTableViewCell.swift in Sources */ = {isa = PBXBuildFile; fileRef = 350C9AFC2402CB7300BC401C /* MembersTableViewCell.swift */; };
		350C9AFF2402CCC200BC401C /* UIImage+FetchImage.swift in Sources */ = {isa = PBXBuildFile; fileRef = 350C9AFE2402CCC200BC401C /* UIImage+FetchImage.swift */; };
		350C9B012402CD0A00BC401C /* LazyImageLoading.swift in Sources */ = {isa = PBXBuildFile; fileRef = 350C9B002402CD0A00BC401C /* LazyImageLoading.swift */; };
		350C9B032402D17800BC401C /* UIImage+RoundImage.swift in Sources */ = {isa = PBXBuildFile; fileRef = 350C9B022402D17800BC401C /* UIImage+RoundImage.swift */; };
		350C9B052402D49500BC401C /* ProfileViewController.swift in Sources */ = {isa = PBXBuildFile; fileRef = 350C9B042402D49500BC401C /* ProfileViewController.swift */; };
		350C9B072402D75900BC401C /* UIViewController+ID.swift in Sources */ = {isa = PBXBuildFile; fileRef = 350C9B062402D75900BC401C /* UIViewController+ID.swift */; };
		350C9B092402DD5400BC401C /* ProfileImageTableViewCell.swift in Sources */ = {isa = PBXBuildFile; fileRef = 350C9B082402DD5400BC401C /* ProfileImageTableViewCell.swift */; };
		350C9B0B2402DD6E00BC401C /* ProfileLabelsTableViewCell.swift in Sources */ = {isa = PBXBuildFile; fileRef = 350C9B0A2402DD6E00BC401C /* ProfileLabelsTableViewCell.swift */; };
		350C9B0D2402DD7F00BC401C /* ProfileMultipleTableViewCell.swift in Sources */ = {isa = PBXBuildFile; fileRef = 350C9B0C2402DD7F00BC401C /* ProfileMultipleTableViewCell.swift */; };
		350C9B0F2402EB8200BC401C /* AllParties.swift in Sources */ = {isa = PBXBuildFile; fileRef = 350C9B0E2402EB8200BC401C /* AllParties.swift */; };
		351B9DE92401A8A300546A01 /* APIClient.swift in Sources */ = {isa = PBXBuildFile; fileRef = 351B9DE82401A8A300546A01 /* APIClient.swift */; };
		351B9DEE2401B04F00546A01 /* APIError.swift in Sources */ = {isa = PBXBuildFile; fileRef = 351B9DED2401B04F00546A01 /* APIError.swift */; };
		351B9DF02401B0B600546A01 /* Members.swift in Sources */ = {isa = PBXBuildFile; fileRef = 351B9DEF2401B0B600546A01 /* Members.swift */; };
		351B9DF22401B7FA00546A01 /* Observable+Map.swift in Sources */ = {isa = PBXBuildFile; fileRef = 351B9DF12401B7FA00546A01 /* Observable+Map.swift */; };
		3524626A24029C40002DC602 /* NoPartiesView.xib in Resources */ = {isa = PBXBuildFile; fileRef = 3524626924029C40002DC602 /* NoPartiesView.xib */; };
		3524626C24029DD8002DC602 /* NoPartiesView.swift in Sources */ = {isa = PBXBuildFile; fileRef = 3524626B24029DD8002DC602 /* NoPartiesView.swift */; };
		3524626E24029E64002DC602 /* View+Nib.swift in Sources */ = {isa = PBXBuildFile; fileRef = 3524626D24029E64002DC602 /* View+Nib.swift */; };
		352462712402A06D002DC602 /* NibLoadable.swift in Sources */ = {isa = PBXBuildFile; fileRef = 352462702402A06D002DC602 /* NibLoadable.swift */; };
		352462732402A076002DC602 /* NibReusable.swift in Sources */ = {isa = PBXBuildFile; fileRef = 352462722402A076002DC602 /* NibReusable.swift */; };
		352462752402A0CF002DC602 /* Reusable.swift in Sources */ = {isa = PBXBuildFile; fileRef = 352462742402A0CF002DC602 /* Reusable.swift */; };
		352462772402A0F8002DC602 /* ViewLoadable.swift in Sources */ = {isa = PBXBuildFile; fileRef = 352462762402A0F7002DC602 /* ViewLoadable.swift */; };
		35274B51240198B600FB1C31 /* ProfilesDataModel.swift in Sources */ = {isa = PBXBuildFile; fileRef = 35274B50240198B600FB1C31 /* ProfilesDataModel.swift */; };
		35F087B7240172A70070BF42 /* AppDelegate.swift in Sources */ = {isa = PBXBuildFile; fileRef = 35F087B6240172A70070BF42 /* AppDelegate.swift */; };
		35F087B9240172A70070BF42 /* SceneDelegate.swift in Sources */ = {isa = PBXBuildFile; fileRef = 35F087B8240172A70070BF42 /* SceneDelegate.swift */; };
		35F087BB240172A70070BF42 /* HomeViewController.swift in Sources */ = {isa = PBXBuildFile; fileRef = 35F087BA240172A70070BF42 /* HomeViewController.swift */; };
		35F087BE240172A70070BF42 /* Main.storyboard in Resources */ = {isa = PBXBuildFile; fileRef = 35F087BC240172A70070BF42 /* Main.storyboard */; };
		35F087C0240172AB0070BF42 /* Assets.xcassets in Resources */ = {isa = PBXBuildFile; fileRef = 35F087BF240172AB0070BF42 /* Assets.xcassets */; };
		35F087C3240172AB0070BF42 /* LaunchScreen.storyboard in Resources */ = {isa = PBXBuildFile; fileRef = 35F087C1240172AB0070BF42 /* LaunchScreen.storyboard */; };
		B9012BDA1C7AD74BB25F3C07 /* Pods_Party_Organizer.framework in Frameworks */ = {isa = PBXBuildFile; fileRef = AFC694225DF8D3A36000C212 /* Pods_Party_Organizer.framework */; };
/* End PBXBuildFile section */

/* Begin PBXFileReference section */
		35031EE6240420D2007C42BB /* AddMemberToPartyViewController.swift */ = {isa = PBXFileReference; lastKnownFileType = sourcecode.swift; path = AddMemberToPartyViewController.swift; sourceTree = "<group>"; };
		35031EE82404217F007C42BB /* AddMemberTableViewCell.swift */ = {isa = PBXFileReference; lastKnownFileType = sourcecode.swift; path = AddMemberTableViewCell.swift; sourceTree = "<group>"; };
		35031EEA240422B4007C42BB /* AddMemberToPartyBlueprint.swift */ = {isa = PBXFileReference; lastKnownFileType = sourcecode.swift; path = AddMemberToPartyBlueprint.swift; sourceTree = "<group>"; };
		35031EEC24042995007C42BB /* PartyMemberPreviewViewController.swift */ = {isa = PBXFileReference; lastKnownFileType = sourcecode.swift; path = PartyMemberPreviewViewController.swift; sourceTree = "<group>"; };
		35031EEE240436CC007C42BB /* CRUDPartyViewController.swift */ = {isa = PBXFileReference; lastKnownFileType = sourcecode.swift; path = CRUDPartyViewController.swift; sourceTree = "<group>"; };
		35031EF0240441A7007C42BB /* CRUDPartyTableViewCell.swift */ = {isa = PBXFileReference; lastKnownFileType = sourcecode.swift; path = CRUDPartyTableViewCell.swift; sourceTree = "<group>"; };
		35031EF224044274007C42BB /* CRUDPartyCellBlueprint.swift */ = {isa = PBXFileReference; lastKnownFileType = sourcecode.swift; path = CRUDPartyCellBlueprint.swift; sourceTree = "<group>"; };
		350C9AE72402B14500BC401C /* HomeCellBlueprint.swift */ = {isa = PBXFileReference; lastKnownFileType = sourcecode.swift; path = HomeCellBlueprint.swift; sourceTree = "<group>"; };
		350C9AE92402B1CB00BC401C /* PartyModel.swift */ = {isa = PBXFileReference; lastKnownFileType = sourcecode.swift; path = PartyModel.swift; sourceTree = "<group>"; };
		350C9AEB2402B26F00BC401C /* HomeTableViewCell.swift */ = {isa = PBXFileReference; lastKnownFileType = sourcecode.swift; path = HomeTableViewCell.swift; sourceTree = "<group>"; };
		350C9AED2402B42400BC401C /* CellBluenprint.swift */ = {isa = PBXFileReference; lastKnownFileType = sourcecode.swift; path = CellBluenprint.swift; sourceTree = "<group>"; };
		350C9AEF2402B49C00BC401C /* Cell.swift */ = {isa = PBXFileReference; lastKnownFileType = sourcecode.swift; path = Cell.swift; sourceTree = "<group>"; };
		350C9AF22402B5AA00BC401C /* Datasource.swift */ = {isa = PBXFileReference; lastKnownFileType = sourcecode.swift; path = Datasource.swift; sourceTree = "<group>"; };
		350C9AF42402B5E700BC401C /* ArrayDataSource.swift */ = {isa = PBXFileReference; lastKnownFileType = sourcecode.swift; path = ArrayDataSource.swift; sourceTree = "<group>"; };
		350C9AF62402BE5A00BC401C /* Observable+Optional.swift */ = {isa = PBXFileReference; lastKnownFileType = sourcecode.swift; path = "Observable+Optional.swift"; sourceTree = "<group>"; };
		350C9AF82402CA2200BC401C /* MembersViewController.swift */ = {isa = PBXFileReference; lastKnownFileType = sourcecode.swift; path = MembersViewController.swift; sourceTree = "<group>"; };
		350C9AFA2402CAEF00BC401C /* MembersCellBlueprint.swift */ = {isa = PBXFileReference; lastKnownFileType = sourcecode.swift; path = MembersCellBlueprint.swift; sourceTree = "<group>"; };
		350C9AFC2402CB7300BC401C /* MembersTableViewCell.swift */ = {isa = PBXFileReference; lastKnownFileType = sourcecode.swift; path = MembersTableViewCell.swift; sourceTree = "<group>"; };
		350C9AFE2402CCC200BC401C /* UIImage+FetchImage.swift */ = {isa = PBXFileReference; lastKnownFileType = sourcecode.swift; path = "UIImage+FetchImage.swift"; sourceTree = "<group>"; };
		350C9B002402CD0A00BC401C /* LazyImageLoading.swift */ = {isa = PBXFileReference; lastKnownFileType = sourcecode.swift; path = LazyImageLoading.swift; sourceTree = "<group>"; };
		350C9B022402D17800BC401C /* UIImage+RoundImage.swift */ = {isa = PBXFileReference; lastKnownFileType = sourcecode.swift; path = "UIImage+RoundImage.swift"; sourceTree = "<group>"; };
		350C9B042402D49500BC401C /* ProfileViewController.swift */ = {isa = PBXFileReference; lastKnownFileType = sourcecode.swift; path = ProfileViewController.swift; sourceTree = "<group>"; };
		350C9B062402D75900BC401C /* UIViewController+ID.swift */ = {isa = PBXFileReference; lastKnownFileType = sourcecode.swift; path = "UIViewController+ID.swift"; sourceTree = "<group>"; };
		350C9B082402DD5400BC401C /* ProfileImageTableViewCell.swift */ = {isa = PBXFileReference; lastKnownFileType = sourcecode.swift; path = ProfileImageTableViewCell.swift; sourceTree = "<group>"; };
		350C9B0A2402DD6E00BC401C /* ProfileLabelsTableViewCell.swift */ = {isa = PBXFileReference; lastKnownFileType = sourcecode.swift; path = ProfileLabelsTableViewCell.swift; sourceTree = "<group>"; };
		350C9B0C2402DD7F00BC401C /* ProfileMultipleTableViewCell.swift */ = {isa = PBXFileReference; lastKnownFileType = sourcecode.swift; path = ProfileMultipleTableViewCell.swift; sourceTree = "<group>"; };
		350C9B0E2402EB8200BC401C /* AllParties.swift */ = {isa = PBXFileReference; lastKnownFileType = sourcecode.swift; path = AllParties.swift; sourceTree = "<group>"; };
		351B9DE82401A8A300546A01 /* APIClient.swift */ = {isa = PBXFileReference; lastKnownFileType = sourcecode.swift; path = APIClient.swift; sourceTree = "<group>"; };
		351B9DED2401B04F00546A01 /* APIError.swift */ = {isa = PBXFileReference; lastKnownFileType = sourcecode.swift; path = APIError.swift; sourceTree = "<group>"; };
		351B9DEF2401B0B600546A01 /* Members.swift */ = {isa = PBXFileReference; lastKnownFileType = sourcecode.swift; path = Members.swift; sourceTree = "<group>"; };
		351B9DF12401B7FA00546A01 /* Observable+Map.swift */ = {isa = PBXFileReference; lastKnownFileType = sourcecode.swift; path = "Observable+Map.swift"; sourceTree = "<group>"; };
		3524626924029C40002DC602 /* NoPartiesView.xib */ = {isa = PBXFileReference; lastKnownFileType = file.xib; path = NoPartiesView.xib; sourceTree = "<group>"; };
		3524626B24029DD8002DC602 /* NoPartiesView.swift */ = {isa = PBXFileReference; lastKnownFileType = sourcecode.swift; path = NoPartiesView.swift; sourceTree = "<group>"; };
		3524626D24029E64002DC602 /* View+Nib.swift */ = {isa = PBXFileReference; lastKnownFileType = sourcecode.swift; path = "View+Nib.swift"; sourceTree = "<group>"; };
		352462702402A06D002DC602 /* NibLoadable.swift */ = {isa = PBXFileReference; lastKnownFileType = sourcecode.swift; path = NibLoadable.swift; sourceTree = "<group>"; };
		352462722402A076002DC602 /* NibReusable.swift */ = {isa = PBXFileReference; lastKnownFileType = sourcecode.swift; path = NibReusable.swift; sourceTree = "<group>"; };
		352462742402A0CF002DC602 /* Reusable.swift */ = {isa = PBXFileReference; lastKnownFileType = sourcecode.swift; path = Reusable.swift; sourceTree = "<group>"; };
		352462762402A0F7002DC602 /* ViewLoadable.swift */ = {isa = PBXFileReference; lastKnownFileType = sourcecode.swift; path = ViewLoadable.swift; sourceTree = "<group>"; };
		35274B50240198B600FB1C31 /* ProfilesDataModel.swift */ = {isa = PBXFileReference; lastKnownFileType = sourcecode.swift; path = ProfilesDataModel.swift; sourceTree = "<group>"; };
		35F087B3240172A70070BF42 /* Party Organizer.app */ = {isa = PBXFileReference; explicitFileType = wrapper.application; includeInIndex = 0; path = "Party Organizer.app"; sourceTree = BUILT_PRODUCTS_DIR; };
		35F087B6240172A70070BF42 /* AppDelegate.swift */ = {isa = PBXFileReference; lastKnownFileType = sourcecode.swift; path = AppDelegate.swift; sourceTree = "<group>"; };
		35F087B8240172A70070BF42 /* SceneDelegate.swift */ = {isa = PBXFileReference; lastKnownFileType = sourcecode.swift; path = SceneDelegate.swift; sourceTree = "<group>"; };
		35F087BA240172A70070BF42 /* HomeViewController.swift */ = {isa = PBXFileReference; lastKnownFileType = sourcecode.swift; path = HomeViewController.swift; sourceTree = "<group>"; };
		35F087BD240172A70070BF42 /* Base */ = {isa = PBXFileReference; lastKnownFileType = file.storyboard; name = Base; path = Base.lproj/Main.storyboard; sourceTree = "<group>"; };
		35F087BF240172AB0070BF42 /* Assets.xcassets */ = {isa = PBXFileReference; lastKnownFileType = folder.assetcatalog; path = Assets.xcassets; sourceTree = "<group>"; };
		35F087C2240172AB0070BF42 /* Base */ = {isa = PBXFileReference; lastKnownFileType = file.storyboard; name = Base; path = Base.lproj/LaunchScreen.storyboard; sourceTree = "<group>"; };
		35F087C4240172AB0070BF42 /* Info.plist */ = {isa = PBXFileReference; lastKnownFileType = text.plist.xml; path = Info.plist; sourceTree = "<group>"; };
		ACBE006CBA8479B21E42C5C5 /* Pods-Party Organizer.release.xcconfig */ = {isa = PBXFileReference; includeInIndex = 1; lastKnownFileType = text.xcconfig; name = "Pods-Party Organizer.release.xcconfig"; path = "Target Support Files/Pods-Party Organizer/Pods-Party Organizer.release.xcconfig"; sourceTree = "<group>"; };
		AFC694225DF8D3A36000C212 /* Pods_Party_Organizer.framework */ = {isa = PBXFileReference; explicitFileType = wrapper.framework; includeInIndex = 0; path = Pods_Party_Organizer.framework; sourceTree = BUILT_PRODUCTS_DIR; };
		BE0935CB4ABFED477B1BD828 /* Pods-Party Organizer.debug.xcconfig */ = {isa = PBXFileReference; includeInIndex = 1; lastKnownFileType = text.xcconfig; name = "Pods-Party Organizer.debug.xcconfig"; path = "Target Support Files/Pods-Party Organizer/Pods-Party Organizer.debug.xcconfig"; sourceTree = "<group>"; };
/* End PBXFileReference section */

/* Begin PBXFrameworksBuildPhase section */
		35F087B0240172A70070BF42 /* Frameworks */ = {
			isa = PBXFrameworksBuildPhase;
			buildActionMask = 2147483647;
			files = (
				B9012BDA1C7AD74BB25F3C07 /* Pods_Party_Organizer.framework in Frameworks */,
			);
			runOnlyForDeploymentPostprocessing = 0;
		};
/* End PBXFrameworksBuildPhase section */

/* Begin PBXGroup section */
		350C9AF12402B58F00BC401C /* TableView */ = {
			isa = PBXGroup;
			children = (
				350C9AED2402B42400BC401C /* CellBluenprint.swift */,
				350C9AEF2402B49C00BC401C /* Cell.swift */,
				350C9AF22402B5AA00BC401C /* Datasource.swift */,
				350C9AF42402B5E700BC401C /* ArrayDataSource.swift */,
			);
			path = TableView;
			sourceTree = "<group>";
		};
		351B9DE72401A89100546A01 /* API */ = {
			isa = PBXGroup;
			children = (
				351B9DE82401A8A300546A01 /* APIClient.swift */,
				351B9DED2401B04F00546A01 /* APIError.swift */,
			);
			path = API;
			sourceTree = "<group>";
		};
		351B9DEC2401AEDC00546A01 /* Extensions */ = {
			isa = PBXGroup;
			children = (
				351B9DF12401B7FA00546A01 /* Observable+Map.swift */,
				3524626D24029E64002DC602 /* View+Nib.swift */,
				350C9AF62402BE5A00BC401C /* Observable+Optional.swift */,
				350C9B022402D17800BC401C /* UIImage+RoundImage.swift */,
				350C9B062402D75900BC401C /* UIViewController+ID.swift */,
			);
			path = Extensions;
			sourceTree = "<group>";
		};
		3524626F2402A04A002DC602 /* NibHelper */ = {
			isa = PBXGroup;
			children = (
				352462702402A06D002DC602 /* NibLoadable.swift */,
				352462722402A076002DC602 /* NibReusable.swift */,
				352462742402A0CF002DC602 /* Reusable.swift */,
				352462762402A0F7002DC602 /* ViewLoadable.swift */,
			);
			path = NibHelper;
			sourceTree = "<group>";
		};
		35274B522401993400FB1C31 /* API */ = {
			isa = PBXGroup;
			children = (
				35274B532401993A00FB1C31 /* Response */,
			);
			path = API;
			sourceTree = "<group>";
		};
		35274B532401993A00FB1C31 /* Response */ = {
			isa = PBXGroup;
			children = (
				35274B50240198B600FB1C31 /* ProfilesDataModel.swift */,
			);
			path = Response;
			sourceTree = "<group>";
		};
		35F087AA240172A70070BF42 = {
			isa = PBXGroup;
			children = (
				35F087B5240172A70070BF42 /* Party Organizer */,
				35F087B4240172A70070BF42 /* Products */,
				4307CDA2C163C3F1FFD9414B /* Pods */,
				F54C186D8C2508AE039DED6E /* Frameworks */,
			);
			sourceTree = "<group>";
		};
		35F087B4240172A70070BF42 /* Products */ = {
			isa = PBXGroup;
			children = (
				35F087B3240172A70070BF42 /* Party Organizer.app */,
			);
			name = Products;
			sourceTree = "<group>";
		};
		35F087B5240172A70070BF42 /* Party Organizer */ = {
			isa = PBXGroup;
			children = (
				351B9DE72401A89100546A01 /* API */,
				35F087CF240174650070BF42 /* Storyboards */,
				35F087CE2401745B0070BF42 /* Utilities */,
				35F087CD240174540070BF42 /* Views */,
				35F087CC2401744E0070BF42 /* Controllers */,
				35F087CB240174480070BF42 /* ViewModels */,
				35F087CA240174420070BF42 /* Models */,
				35F087B6240172A70070BF42 /* AppDelegate.swift */,
				35F087B8240172A70070BF42 /* SceneDelegate.swift */,
				35F087BF240172AB0070BF42 /* Assets.xcassets */,
				35F087C4240172AB0070BF42 /* Info.plist */,
			);
			path = "Party Organizer";
			sourceTree = "<group>";
		};
		35F087CA240174420070BF42 /* Models */ = {
			isa = PBXGroup;
			children = (
				35274B522401993400FB1C31 /* API */,
				351B9DEF2401B0B600546A01 /* Members.swift */,
				350C9AE72402B14500BC401C /* HomeCellBlueprint.swift */,
				350C9AE92402B1CB00BC401C /* PartyModel.swift */,
				350C9AFA2402CAEF00BC401C /* MembersCellBlueprint.swift */,
				350C9B0E2402EB8200BC401C /* AllParties.swift */,
				35031EEA240422B4007C42BB /* AddMemberToPartyBlueprint.swift */,
				35031EF224044274007C42BB /* CRUDPartyCellBlueprint.swift */,
			);
			path = Models;
			sourceTree = "<group>";
		};
		35F087CB240174480070BF42 /* ViewModels */ = {
			isa = PBXGroup;
			children = (
			);
			path = ViewModels;
			sourceTree = "<group>";
		};
		35F087CC2401744E0070BF42 /* Controllers */ = {
			isa = PBXGroup;
			children = (
				35F087BA240172A70070BF42 /* HomeViewController.swift */,
				350C9AF82402CA2200BC401C /* MembersViewController.swift */,
				350C9B042402D49500BC401C /* ProfileViewController.swift */,
				35031EE6240420D2007C42BB /* AddMemberToPartyViewController.swift */,
				35031EEC24042995007C42BB /* PartyMemberPreviewViewController.swift */,
				35031EEE240436CC007C42BB /* CRUDPartyViewController.swift */,
			);
			path = Controllers;
			sourceTree = "<group>";
		};
		35F087CD240174540070BF42 /* Views */ = {
			isa = PBXGroup;
			children = (
				3524626924029C40002DC602 /* NoPartiesView.xib */,
				3524626B24029DD8002DC602 /* NoPartiesView.swift */,
				350C9AEB2402B26F00BC401C /* HomeTableViewCell.swift */,
				350C9AFC2402CB7300BC401C /* MembersTableViewCell.swift */,
				350C9B082402DD5400BC401C /* ProfileImageTableViewCell.swift */,
				350C9B0A2402DD6E00BC401C /* ProfileLabelsTableViewCell.swift */,
				350C9B0C2402DD7F00BC401C /* ProfileMultipleTableViewCell.swift */,
				35031EE82404217F007C42BB /* AddMemberTableViewCell.swift */,
				35031EF0240441A7007C42BB /* CRUDPartyTableViewCell.swift */,
			);
			path = Views;
			sourceTree = "<group>";
		};
		35F087CE2401745B0070BF42 /* Utilities */ = {
			isa = PBXGroup;
			children = (
				350C9AF12402B58F00BC401C /* TableView */,
				3524626F2402A04A002DC602 /* NibHelper */,
				351B9DEC2401AEDC00546A01 /* Extensions */,
				350C9AFE2402CCC200BC401C /* UIImage+FetchImage.swift */,
				350C9B002402CD0A00BC401C /* LazyImageLoading.swift */,
			);
			path = Utilities;
			sourceTree = "<group>";
		};
		35F087CF240174650070BF42 /* Storyboards */ = {
			isa = PBXGroup;
			children = (
				35F087BC240172A70070BF42 /* Main.storyboard */,
				35F087C1240172AB0070BF42 /* LaunchScreen.storyboard */,
			);
			path = Storyboards;
			sourceTree = "<group>";
		};
		4307CDA2C163C3F1FFD9414B /* Pods */ = {
			isa = PBXGroup;
			children = (
				BE0935CB4ABFED477B1BD828 /* Pods-Party Organizer.debug.xcconfig */,
				ACBE006CBA8479B21E42C5C5 /* Pods-Party Organizer.release.xcconfig */,
			);
			path = Pods;
			sourceTree = "<group>";
		};
		F54C186D8C2508AE039DED6E /* Frameworks */ = {
			isa = PBXGroup;
			children = (
				AFC694225DF8D3A36000C212 /* Pods_Party_Organizer.framework */,
			);
			name = Frameworks;
			sourceTree = "<group>";
		};
/* End PBXGroup section */

/* Begin PBXNativeTarget section */
		35F087B2240172A70070BF42 /* Party Organizer */ = {
			isa = PBXNativeTarget;
			buildConfigurationList = 35F087C7240172AB0070BF42 /* Build configuration list for PBXNativeTarget "Party Organizer" */;
			buildPhases = (
				D94AA43048B0FDAB19CE4F21 /* [CP] Check Pods Manifest.lock */,
				35F087AF240172A70070BF42 /* Sources */,
				35F087B0240172A70070BF42 /* Frameworks */,
				35F087B1240172A70070BF42 /* Resources */,
				556199A4F347824D2D497470 /* [CP] Embed Pods Frameworks */,
			);
			buildRules = (
			);
			dependencies = (
			);
			name = "Party Organizer";
			productName = "Party Organizer";
			productReference = 35F087B3240172A70070BF42 /* Party Organizer.app */;
			productType = "com.apple.product-type.application";
		};
/* End PBXNativeTarget section */

/* Begin PBXProject section */
		35F087AB240172A70070BF42 /* Project object */ = {
			isa = PBXProject;
			attributes = {
				LastSwiftUpdateCheck = 1130;
				LastUpgradeCheck = 1130;
				ORGANIZATIONNAME = "Dusan Dimic";
				TargetAttributes = {
					35F087B2240172A70070BF42 = {
						CreatedOnToolsVersion = 11.3;
					};
				};
			};
			buildConfigurationList = 35F087AE240172A70070BF42 /* Build configuration list for PBXProject "Party Organizer" */;
			compatibilityVersion = "Xcode 9.3";
			developmentRegion = en;
			hasScannedForEncodings = 0;
			knownRegions = (
				en,
				Base,
			);
			mainGroup = 35F087AA240172A70070BF42;
			productRefGroup = 35F087B4240172A70070BF42 /* Products */;
			projectDirPath = "";
			projectRoot = "";
			targets = (
				35F087B2240172A70070BF42 /* Party Organizer */,
			);
		};
/* End PBXProject section */

/* Begin PBXResourcesBuildPhase section */
		35F087B1240172A70070BF42 /* Resources */ = {
			isa = PBXResourcesBuildPhase;
			buildActionMask = 2147483647;
			files = (
				35F087C3240172AB0070BF42 /* LaunchScreen.storyboard in Resources */,
				35F087C0240172AB0070BF42 /* Assets.xcassets in Resources */,
				3524626A24029C40002DC602 /* NoPartiesView.xib in Resources */,
				35F087BE240172A70070BF42 /* Main.storyboard in Resources */,
			);
			runOnlyForDeploymentPostprocessing = 0;
		};
/* End PBXResourcesBuildPhase section */

/* Begin PBXShellScriptBuildPhase section */
		556199A4F347824D2D497470 /* [CP] Embed Pods Frameworks */ = {
			isa = PBXShellScriptBuildPhase;
			buildActionMask = 2147483647;
			files = (
			);
			inputFileListPaths = (
				"${PODS_ROOT}/Target Support Files/Pods-Party Organizer/Pods-Party Organizer-frameworks-${CONFIGURATION}-input-files.xcfilelist",
			);
			name = "[CP] Embed Pods Frameworks";
			outputFileListPaths = (
				"${PODS_ROOT}/Target Support Files/Pods-Party Organizer/Pods-Party Organizer-frameworks-${CONFIGURATION}-output-files.xcfilelist",
			);
			runOnlyForDeploymentPostprocessing = 0;
			shellPath = /bin/sh;
			shellScript = "\"${PODS_ROOT}/Target Support Files/Pods-Party Organizer/Pods-Party Organizer-frameworks.sh\"\n";
			showEnvVarsInLog = 0;
		};
		D94AA43048B0FDAB19CE4F21 /* [CP] Check Pods Manifest.lock */ = {
			isa = PBXShellScriptBuildPhase;
			buildActionMask = 2147483647;
			files = (
			);
			inputFileListPaths = (
			);
			inputPaths = (
				"${PODS_PODFILE_DIR_PATH}/Podfile.lock",
				"${PODS_ROOT}/Manifest.lock",
			);
			name = "[CP] Check Pods Manifest.lock";
			outputFileListPaths = (
			);
			outputPaths = (
				"$(DERIVED_FILE_DIR)/Pods-Party Organizer-checkManifestLockResult.txt",
			);
			runOnlyForDeploymentPostprocessing = 0;
			shellPath = /bin/sh;
			shellScript = "diff \"${PODS_PODFILE_DIR_PATH}/Podfile.lock\" \"${PODS_ROOT}/Manifest.lock\" > /dev/null\nif [ $? != 0 ] ; then\n    # print error to STDERR\n    echo \"error: The sandbox is not in sync with the Podfile.lock. Run 'pod install' or update your CocoaPods installation.\" >&2\n    exit 1\nfi\n# This output is used by Xcode 'outputs' to avoid re-running this script phase.\necho \"SUCCESS\" > \"${SCRIPT_OUTPUT_FILE_0}\"\n";
			showEnvVarsInLog = 0;
		};
/* End PBXShellScriptBuildPhase section */

/* Begin PBXSourcesBuildPhase section */
		35F087AF240172A70070BF42 /* Sources */ = {
			isa = PBXSourcesBuildPhase;
			buildActionMask = 2147483647;
			files = (
				35031EF1240441A7007C42BB /* CRUDPartyTableViewCell.swift in Sources */,
				350C9AEA2402B1CB00BC401C /* PartyModel.swift in Sources */,
				350C9AFD2402CB7300BC401C /* MembersTableViewCell.swift in Sources */,
				35031EE7240420D2007C42BB /* AddMemberToPartyViewController.swift in Sources */,
				350C9AE82402B14500BC401C /* HomeCellBlueprint.swift in Sources */,
				352462732402A076002DC602 /* NibReusable.swift in Sources */,
				35F087BB240172A70070BF42 /* HomeViewController.swift in Sources */,
				350C9AFB2402CAEF00BC401C /* MembersCellBlueprint.swift in Sources */,
				350C9B012402CD0A00BC401C /* LazyImageLoading.swift in Sources */,
				35274B51240198B600FB1C31 /* ProfilesDataModel.swift in Sources */,
				351B9DF02401B0B600546A01 /* Members.swift in Sources */,
				350C9B0F2402EB8200BC401C /* AllParties.swift in Sources */,
				35031EF324044274007C42BB /* CRUDPartyCellBlueprint.swift in Sources */,
				350C9AF32402B5AA00BC401C /* Datasource.swift in Sources */,
				350C9AEC2402B26F00BC401C /* HomeTableViewCell.swift in Sources */,
				35031EEB240422B4007C42BB /* AddMemberToPartyBlueprint.swift in Sources */,
				350C9AF72402BE5A00BC401C /* Observable+Optional.swift in Sources */,
				350C9B052402D49500BC401C /* ProfileViewController.swift in Sources */,
				35F087B7240172A70070BF42 /* AppDelegate.swift in Sources */,
				350C9B072402D75900BC401C /* UIViewController+ID.swift in Sources */,
				350C9B032402D17800BC401C /* UIImage+RoundImage.swift in Sources */,
				351B9DE92401A8A300546A01 /* APIClient.swift in Sources */,
				350C9B092402DD5400BC401C /* ProfileImageTableViewCell.swift in Sources */,
				35031EEF240436CC007C42BB /* CRUDPartyViewController.swift in Sources */,
				35031EE92404217F007C42BB /* AddMemberTableViewCell.swift in Sources */,
				352462752402A0CF002DC602 /* Reusable.swift in Sources */,
				352462712402A06D002DC602 /* NibLoadable.swift in Sources */,
				350C9AFF2402CCC200BC401C /* UIImage+FetchImage.swift in Sources */,
				350C9B0D2402DD7F00BC401C /* ProfileMultipleTableViewCell.swift in Sources */,
				351B9DF22401B7FA00546A01 /* Observable+Map.swift in Sources */,
				35F087B9240172A70070BF42 /* SceneDelegate.swift in Sources */,
				350C9B0B2402DD6E00BC401C /* ProfileLabelsTableViewCell.swift in Sources */,
				3524626C24029DD8002DC602 /* NoPartiesView.swift in Sources */,
				350C9AF92402CA2200BC401C /* MembersViewController.swift in Sources */,
				3524626E24029E64002DC602 /* View+Nib.swift in Sources */,
				350C9AF52402B5E700BC401C /* ArrayDataSource.swift in Sources */,
				352462772402A0F8002DC602 /* ViewLoadable.swift in Sources */,
				350C9AF02402B49C00BC401C /* Cell.swift in Sources */,
				35031EED24042995007C42BB /* PartyMemberPreviewViewController.swift in Sources */,
				351B9DEE2401B04F00546A01 /* APIError.swift in Sources */,
				350C9AEE2402B42400BC401C /* CellBluenprint.swift in Sources */,
			);
			runOnlyForDeploymentPostprocessing = 0;
		};
/* End PBXSourcesBuildPhase section */

/* Begin PBXVariantGroup section */
		35F087BC240172A70070BF42 /* Main.storyboard */ = {
			isa = PBXVariantGroup;
			children = (
				35F087BD240172A70070BF42 /* Base */,
			);
			name = Main.storyboard;
			sourceTree = "<group>";
		};
		35F087C1240172AB0070BF42 /* LaunchScreen.storyboard */ = {
			isa = PBXVariantGroup;
			children = (
				35F087C2240172AB0070BF42 /* Base */,
			);
			name = LaunchScreen.storyboard;
			sourceTree = "<group>";
		};
/* End PBXVariantGroup section */

/* Begin XCBuildConfiguration section */
		35F087C5240172AB0070BF42 /* Debug */ = {
			isa = XCBuildConfiguration;
			buildSettings = {
				ALWAYS_SEARCH_USER_PATHS = NO;
				CLANG_ANALYZER_NONNULL = YES;
				CLANG_ANALYZER_NUMBER_OBJECT_CONVERSION = YES_AGGRESSIVE;
				CLANG_CXX_LANGUAGE_STANDARD = "gnu++14";
				CLANG_CXX_LIBRARY = "libc++";
				CLANG_ENABLE_MODULES = YES;
				CLANG_ENABLE_OBJC_ARC = YES;
				CLANG_ENABLE_OBJC_WEAK = YES;
				CLANG_WARN_BLOCK_CAPTURE_AUTORELEASING = YES;
				CLANG_WARN_BOOL_CONVERSION = YES;
				CLANG_WARN_COMMA = YES;
				CLANG_WARN_CONSTANT_CONVERSION = YES;
				CLANG_WARN_DEPRECATED_OBJC_IMPLEMENTATIONS = YES;
				CLANG_WARN_DIRECT_OBJC_ISA_USAGE = YES_ERROR;
				CLANG_WARN_DOCUMENTATION_COMMENTS = YES;
				CLANG_WARN_EMPTY_BODY = YES;
				CLANG_WARN_ENUM_CONVERSION = YES;
				CLANG_WARN_INFINITE_RECURSION = YES;
				CLANG_WARN_INT_CONVERSION = YES;
				CLANG_WARN_NON_LITERAL_NULL_CONVERSION = YES;
				CLANG_WARN_OBJC_IMPLICIT_RETAIN_SELF = YES;
				CLANG_WARN_OBJC_LITERAL_CONVERSION = YES;
				CLANG_WARN_OBJC_ROOT_CLASS = YES_ERROR;
				CLANG_WARN_RANGE_LOOP_ANALYSIS = YES;
				CLANG_WARN_STRICT_PROTOTYPES = YES;
				CLANG_WARN_SUSPICIOUS_MOVE = YES;
				CLANG_WARN_UNGUARDED_AVAILABILITY = YES_AGGRESSIVE;
				CLANG_WARN_UNREACHABLE_CODE = YES;
				CLANG_WARN__DUPLICATE_METHOD_MATCH = YES;
				COPY_PHASE_STRIP = NO;
				DEBUG_INFORMATION_FORMAT = dwarf;
				ENABLE_STRICT_OBJC_MSGSEND = YES;
				ENABLE_TESTABILITY = YES;
				GCC_C_LANGUAGE_STANDARD = gnu11;
				GCC_DYNAMIC_NO_PIC = NO;
				GCC_NO_COMMON_BLOCKS = YES;
				GCC_OPTIMIZATION_LEVEL = 0;
				GCC_PREPROCESSOR_DEFINITIONS = (
					"DEBUG=1",
					"$(inherited)",
				);
				GCC_WARN_64_TO_32_BIT_CONVERSION = YES;
				GCC_WARN_ABOUT_RETURN_TYPE = YES_ERROR;
				GCC_WARN_UNDECLARED_SELECTOR = YES;
				GCC_WARN_UNINITIALIZED_AUTOS = YES_AGGRESSIVE;
				GCC_WARN_UNUSED_FUNCTION = YES;
				GCC_WARN_UNUSED_VARIABLE = YES;
				IPHONEOS_DEPLOYMENT_TARGET = 13.2;
				MTL_ENABLE_DEBUG_INFO = INCLUDE_SOURCE;
				MTL_FAST_MATH = YES;
				ONLY_ACTIVE_ARCH = YES;
				SDKROOT = iphoneos;
				SWIFT_ACTIVE_COMPILATION_CONDITIONS = DEBUG;
				SWIFT_OPTIMIZATION_LEVEL = "-Onone";
			};
			name = Debug;
		};
		35F087C6240172AB0070BF42 /* Release */ = {
			isa = XCBuildConfiguration;
			buildSettings = {
				ALWAYS_SEARCH_USER_PATHS = NO;
				CLANG_ANALYZER_NONNULL = YES;
				CLANG_ANALYZER_NUMBER_OBJECT_CONVERSION = YES_AGGRESSIVE;
				CLANG_CXX_LANGUAGE_STANDARD = "gnu++14";
				CLANG_CXX_LIBRARY = "libc++";
				CLANG_ENABLE_MODULES = YES;
				CLANG_ENABLE_OBJC_ARC = YES;
				CLANG_ENABLE_OBJC_WEAK = YES;
				CLANG_WARN_BLOCK_CAPTURE_AUTORELEASING = YES;
				CLANG_WARN_BOOL_CONVERSION = YES;
				CLANG_WARN_COMMA = YES;
				CLANG_WARN_CONSTANT_CONVERSION = YES;
				CLANG_WARN_DEPRECATED_OBJC_IMPLEMENTATIONS = YES;
				CLANG_WARN_DIRECT_OBJC_ISA_USAGE = YES_ERROR;
				CLANG_WARN_DOCUMENTATION_COMMENTS = YES;
				CLANG_WARN_EMPTY_BODY = YES;
				CLANG_WARN_ENUM_CONVERSION = YES;
				CLANG_WARN_INFINITE_RECURSION = YES;
				CLANG_WARN_INT_CONVERSION = YES;
				CLANG_WARN_NON_LITERAL_NULL_CONVERSION = YES;
				CLANG_WARN_OBJC_IMPLICIT_RETAIN_SELF = YES;
				CLANG_WARN_OBJC_LITERAL_CONVERSION = YES;
				CLANG_WARN_OBJC_ROOT_CLASS = YES_ERROR;
				CLANG_WARN_RANGE_LOOP_ANALYSIS = YES;
				CLANG_WARN_STRICT_PROTOTYPES = YES;
				CLANG_WARN_SUSPICIOUS_MOVE = YES;
				CLANG_WARN_UNGUARDED_AVAILABILITY = YES_AGGRESSIVE;
				CLANG_WARN_UNREACHABLE_CODE = YES;
				CLANG_WARN__DUPLICATE_METHOD_MATCH = YES;
				COPY_PHASE_STRIP = NO;
				DEBUG_INFORMATION_FORMAT = "dwarf-with-dsym";
				ENABLE_NS_ASSERTIONS = NO;
				ENABLE_STRICT_OBJC_MSGSEND = YES;
				GCC_C_LANGUAGE_STANDARD = gnu11;
				GCC_NO_COMMON_BLOCKS = YES;
				GCC_WARN_64_TO_32_BIT_CONVERSION = YES;
				GCC_WARN_ABOUT_RETURN_TYPE = YES_ERROR;
				GCC_WARN_UNDECLARED_SELECTOR = YES;
				GCC_WARN_UNINITIALIZED_AUTOS = YES_AGGRESSIVE;
				GCC_WARN_UNUSED_FUNCTION = YES;
				GCC_WARN_UNUSED_VARIABLE = YES;
				IPHONEOS_DEPLOYMENT_TARGET = 13.2;
				MTL_ENABLE_DEBUG_INFO = NO;
				MTL_FAST_MATH = YES;
				SDKROOT = iphoneos;
				SWIFT_COMPILATION_MODE = wholemodule;
				SWIFT_OPTIMIZATION_LEVEL = "-O";
				VALIDATE_PRODUCT = YES;
			};
			name = Release;
		};
		35F087C8240172AB0070BF42 /* Debug */ = {
			isa = XCBuildConfiguration;
			baseConfigurationReference = BE0935CB4ABFED477B1BD828 /* Pods-Party Organizer.debug.xcconfig */;
			buildSettings = {
				ASSETCATALOG_COMPILER_APPICON_NAME = AppIcon;
				CODE_SIGN_STYLE = Automatic;
				DEVELOPMENT_TEAM = 8FHW6Y79PE;
				INFOPLIST_FILE = "Party Organizer/Info.plist";
				LD_RUNPATH_SEARCH_PATHS = (
					"$(inherited)",
					"@executable_path/Frameworks",
				);
				PRODUCT_BUNDLE_IDENTIFIER = "com.dusandimic1997.Party-Organizer";
				PRODUCT_NAME = "$(TARGET_NAME)";
				SWIFT_VERSION = 5.0;
				TARGETED_DEVICE_FAMILY = 1;
			};
			name = Debug;
		};
		35F087C9240172AB0070BF42 /* Release */ = {
			isa = XCBuildConfiguration;
			baseConfigurationReference = ACBE006CBA8479B21E42C5C5 /* Pods-Party Organizer.release.xcconfig */;
			buildSettings = {
				ASSETCATALOG_COMPILER_APPICON_NAME = AppIcon;
				CODE_SIGN_STYLE = Automatic;
				DEVELOPMENT_TEAM = 8FHW6Y79PE;
				INFOPLIST_FILE = "Party Organizer/Info.plist";
				LD_RUNPATH_SEARCH_PATHS = (
					"$(inherited)",
					"@executable_path/Frameworks",
				);
				PRODUCT_BUNDLE_IDENTIFIER = "com.dusandimic1997.Party-Organizer";
				PRODUCT_NAME = "$(TARGET_NAME)";
				SWIFT_VERSION = 5.0;
				TARGETED_DEVICE_FAMILY = 1;
			};
			name = Release;
		};
/* End XCBuildConfiguration section */

/* Begin XCConfigurationList section */
		35F087AE240172A70070BF42 /* Build configuration list for PBXProject "Party Organizer" */ = {
			isa = XCConfigurationList;
			buildConfigurations = (
				35F087C5240172AB0070BF42 /* Debug */,
				35F087C6240172AB0070BF42 /* Release */,
			);
			defaultConfigurationIsVisible = 0;
			defaultConfigurationName = Release;
		};
		35F087C7240172AB0070BF42 /* Build configuration list for PBXNativeTarget "Party Organizer" */ = {
			isa = XCConfigurationList;
			buildConfigurations = (
				35F087C8240172AB0070BF42 /* Debug */,
				35F087C9240172AB0070BF42 /* Release */,
			);
			defaultConfigurationIsVisible = 0;
			defaultConfigurationName = Release;
		};
/* End XCConfigurationList section */
	};
	rootObject = 35F087AB240172A70070BF42 /* Project object */;
}
